
Microsoft Visual Studio Solution File, Format Version 12.00
# Visual Studio 14
VisualStudioVersion = 14.0.25420.1
MinimumVisualStudioVersion = 10.0.40219.1
Project("{FAE04EC0-301F-11D3-BF4B-00C04F79EFBC}") = "login db", "login db\login db.csproj", "{2F9670FA-5016-48ED-8D30-84C5A79BE67C}"
EndProject
Global
	GlobalSection(SolutionConfigurationPlatforms) = preSolution
		Debug|Any CPU = Debug|Any CPU
		Release|Any CPU = Release|Any CPU
	EndGlobalSection
	GlobalSection(ProjectConfigurationPlatforms) = postSolution
		{2F9670FA-5016-48ED-8D30-84C5A79BE67C}.Debug|Any CPU.ActiveCfg = Debug|Any CPU
		{2F9670FA-5016-48ED-8D30-84C5A79BE67C}.Debug|Any CPU.Build.0 = Debug|Any CPU
		{2F9670FA-5016-48ED-8D30-84C5A79BE67C}.Release|Any CPU.ActiveCfg = Release|Any CPU
		{2F9670FA-5016-48ED-8D30-84C5A79BE67C}.Release|Any CPU.Build.0 = Release|Any CPU
	EndGlobalSection
	GlobalSection(SolutionProperties) = preSolution
		HideSolutionNode = FALSE
	EndGlobalSection
EndGlobal
